
Microsoft Visual Studio Solution File, Format Version 12.00
# Visual Studio Version 17
VisualStudioVersion = 17.13.35931.197 d17.13
MinimumVisualStudioVersion = 10.0.40219.1
Project("{FAE04EC0-301F-11D3-BF4B-00C04F79EFBC}") = "PlayerCoachApplication", "PlayerCoachApplication\PlayerCoachApplication.csproj", "{8E335E3B-7BE2-461B-8B41-7BF4C2441367}"
EndProject
Global
	GlobalSection(SolutionConfigurationPlatforms) = preSolution
		Debug|Any CPU = Debug|Any CPU
		Release|Any CPU = Release|Any CPU
	EndGlobalSection
	GlobalSection(ProjectConfigurationPlatforms) = postSolution
		{8E335E3B-7BE2-461B-8B41-7BF4C2441367}.Debug|Any CPU.ActiveCfg = Debug|Any CPU
		{8E335E3B-7BE2-461B-8B41-7BF4C2441367}.Debug|Any CPU.Build.0 = Debug|Any CPU
		{8E335E3B-7BE2-461B-8B41-7BF4C2441367}.Release|Any CPU.ActiveCfg = Release|Any CPU
		{8E335E3B-7BE2-461B-8B41-7BF4C2441367}.Release|Any CPU.Build.0 = Release|Any CPU
	EndGlobalSection
	GlobalSection(SolutionProperties) = preSolution
		HideSolutionNode = FALSE
	EndGlobalSection
	GlobalSection(ExtensibilityGlobals) = postSolution
		SolutionGuid = {0E91437C-4A43-4FDE-AFBA-E55FC8629E12}
	EndGlobalSection
EndGlobal
